
Microsoft Visual Studio Solution File, Format Version 12.00
# Visual Studio Version 17
VisualStudioVersion = 17.4.33213.308
MinimumVisualStudioVersion = 10.0.40219.1
Project("{FAE04EC0-301F-11D3-BF4B-00C04F79EFBC}") = "WebApplication1", "WebApplication1\WebApplication1.csproj", "{5F457A47-EE62-4023-9404-A0AA1A58AD90}"
EndProject
Global
	GlobalSection(SolutionConfigurationPlatforms) = preSolution
		Debug|Any CPU = Debug|Any CPU
		Release|Any CPU = Release|Any CPU
	EndGlobalSection
	GlobalSection(ProjectConfigurationPlatforms) = postSolution
		{5F457A47-EE62-4023-9404-A0AA1A58AD90}.Debug|Any CPU.ActiveCfg = Debug|Any CPU
		{5F457A47-EE62-4023-9404-A0AA1A58AD90}.Debug|Any CPU.Build.0 = Debug|Any CPU
		{5F457A47-EE62-4023-9404-A0AA1A58AD90}.Release|Any CPU.ActiveCfg = Release|Any CPU
		{5F457A47-EE62-4023-9404-A0AA1A58AD90}.Release|Any CPU.Build.0 = Release|Any CPU
	EndGlobalSection
	GlobalSection(SolutionProperties) = preSolution
		HideSolutionNode = FALSE
	EndGlobalSection
	GlobalSection(ExtensibilityGlobals) = postSolution
		SolutionGuid = {55345698-7BAD-4F1F-9988-5D8A2CF78B7D}
	EndGlobalSection
EndGlobal
